PODS:
  - CRToast (0.0.9)
  - IFAlert (0.0.1.2):
    - Masonry
  - IFEmptyView (0.0.1.2):
    - Masonry
  - IFHUD (0.0.1.2):
    - MBProgressHUD (~> 1.2.0)
    - SDWebImage
  - IFTableView (0.0.1.2):
    - MJRefresh
  - IFToast (0.0.1.2):
    - CRToast (~> 0.0.7)
    - YYImage
  - IFUIKit (0.0.1.2):
    - IFAlert
    - IFEmptyView
    - IFHUD
    - IFTableView
    - IFToast
  - Masonry (1.1.0)
  - MBProgressHUD (1.2.0)
  - MJRefresh (3.7.5)
  - SDWebImage (5.12.3):
    - SDWebImage/Core (= 5.12.3)
  - SDWebImage/Core (5.12.3)
  - YYImage (1.0.4):
    - YYImage/Core (= 1.0.4)
  - YYImage/Core (1.0.4)

DEPENDENCIES:
  - IFAlert (from `../`)
  - IFEmptyView (from `../`)
  - IFHUD (from `../`)
  - IFTableView (from `../`)
  - IFToast (from `../`)
  - IFUIKit (from `../`)

SPEC REPOS:
  https://github.com/CocoaPods/Specs.git:
    - CRToast
    - Masonry
    - MBProgressHUD
    - MJRefresh
    - SDWebImage
    - YYImage

EXTERNAL SOURCES:
  IFAlert:
    :path: "../"
  IFEmptyView:
    :path: "../"
  IFHUD:
    :path: "../"
  IFTableView:
    :path: "../"
  IFToast:
    :path: "../"
  IFUIKit:
    :path: "../"

SPEC CHECKSUMS:
  CRToast: 5a78c22b921c5ed3487488af605bc403a9c92fed
  IFAlert: e7b550f685346496cf3f0dddb063b071d8d466ca
  IFEmptyView: 5b4dc96105012a138e59bc65c5bb28b9b1b4aa2d
  IFHUD: cdc6118cdf25550e892376e173ac004a2cdea48d
  IFTableView: 539c33bf48d311166b060eddff55f2624c25a31e
  IFToast: 0ea44b2f991ef739ac21ba55007d710f15c860d3
  IFUIKit: 54632e709d2a730e431b7ecdf9b30955822a36fb
  Masonry: 678fab65091a9290e40e2832a55e7ab731aad201
  MBProgressHUD: 3ee5efcc380f6a79a7cc9b363dd669c5e1ae7406
  MJRefresh: fdf5e979eb406a0341468932d1dfc8b7f9fce961
  SDWebImage: 53179a2dba77246efa8a9b85f5c5b21f8f43e38f
  YYImage: 1e1b62a9997399593e4b9c4ecfbbabbf1d3f3b54

PODFILE CHECKSUM: 6d3d630c2c33524aaf2f4d27826d10f975d8df02

COCOAPODS: 1.11.2
