PODS:
  - Masonry (1.1.0)
  - MBProgressHUD (1.2.0)
  - MJRefresh (3.7.5)
  - SDWebImage (5.12.2):
    - SDWebImage/Core (= 5.12.2)
  - SDWebImage/Core (5.12.2)

DEPENDENCIES:
  - Masonry
  - MBProgressHUD (~> 1.2.0)
  - MJRefresh
  - SDWebImage

SPEC REPOS:
  trunk:
    - Masonry
    - MBProgressHUD
    - MJRefresh
    - SDWebImage

SPEC CHECKSUMS:
  Masonry: 678fab65091a9290e40e2832a55e7ab731aad201
  MBProgressHUD: 3ee5efcc380f6a79a7cc9b363dd669c5e1ae7406
  MJRefresh: fdf5e979eb406a0341468932d1dfc8b7f9fce961
  SDWebImage: 240e5c12b592fb1268c1d03b8c90d90e8c2ffe82

PODFILE CHECKSUM: 4a6e8bfb481d36d8b4504579a5f4950d5e53dc41

COCOAPODS: 1.11.2
